
Microsoft Visual Studio Solution File, Format Version 12.00
# Visual Studio Version 17
VisualStudioVersion = 17.3.32922.545
MinimumVisualStudioVersion = 10.0.40219.1
Project("{9A19103F-16F7-4668-BE54-9A1E7A4F7556}") = "DDTestTaskWF", "DDTestTaskWF\DDTestTaskWF.csproj", "{1260C17E-5E2F-4EA2-97EB-7ED715FE25DC}"
EndProject
Project("{FAE04EC0-301F-11D3-BF4B-00C04F79EFBC}") = "DDTestTaskWFTests", "DDTestTaskWFTests\DDTestTaskWFTests.csproj", "{FBA4C3E2-CD58-4491-A5F4-C0F356ACFF8F}"
EndProject
Global
	GlobalSection(SolutionConfigurationPlatforms) = preSolution
		Debug|Any CPU = Debug|Any CPU
		Release|Any CPU = Release|Any CPU
	EndGlobalSection
	GlobalSection(ProjectConfigurationPlatforms) = postSolution
		{1260C17E-5E2F-4EA2-97EB-7ED715FE25DC}.Debug|Any CPU.ActiveCfg = Debug|Any CPU
		{1260C17E-5E2F-4EA2-97EB-7ED715FE25DC}.Debug|Any CPU.Build.0 = Debug|Any CPU
		{1260C17E-5E2F-4EA2-97EB-7ED715FE25DC}.Release|Any CPU.ActiveCfg = Release|Any CPU
		{1260C17E-5E2F-4EA2-97EB-7ED715FE25DC}.Release|Any CPU.Build.0 = Release|Any CPU
		{FBA4C3E2-CD58-4491-A5F4-C0F356ACFF8F}.Debug|Any CPU.ActiveCfg = Debug|Any CPU
		{FBA4C3E2-CD58-4491-A5F4-C0F356ACFF8F}.Debug|Any CPU.Build.0 = Debug|Any CPU
		{FBA4C3E2-CD58-4491-A5F4-C0F356ACFF8F}.Release|Any CPU.ActiveCfg = Release|Any CPU
		{FBA4C3E2-CD58-4491-A5F4-C0F356ACFF8F}.Release|Any CPU.Build.0 = Release|Any CPU
	EndGlobalSection
	GlobalSection(SolutionProperties) = preSolution
		HideSolutionNode = FALSE
	EndGlobalSection
	GlobalSection(ExtensibilityGlobals) = postSolution
		SolutionGuid = {0C2545AC-D6A6-463C-B81D-57F2E9B8491E}
	EndGlobalSection
EndGlobal
